
Microsoft Visual Studio Solution File, Format Version 12.00
# Visual Studio Version 16
VisualStudioVersion = 16.0.31424.327
MinimumVisualStudioVersion = 10.0.40219.1
Project("{FAE04EC0-301F-11D3-BF4B-00C04F79EFBC}") = "PracticeCSharp", "PracticeCSharp\PracticeCSharp.csproj", "{B3C4442E-F335-475F-9186-4B45D552966E}"
EndProject
Global
	GlobalSection(SolutionConfigurationPlatforms) = preSolution
		Debug|Any CPU = Debug|Any CPU
		Release|Any CPU = Release|Any CPU
	EndGlobalSection
	GlobalSection(ProjectConfigurationPlatforms) = postSolution
		{B3C4442E-F335-475F-9186-4B45D552966E}.Debug|Any CPU.ActiveCfg = Debug|Any CPU
		{B3C4442E-F335-475F-9186-4B45D552966E}.Debug|Any CPU.Build.0 = Debug|Any CPU
		{B3C4442E-F335-475F-9186-4B45D552966E}.Release|Any CPU.ActiveCfg = Release|Any CPU
		{B3C4442E-F335-475F-9186-4B45D552966E}.Release|Any CPU.Build.0 = Release|Any CPU
	EndGlobalSection
	GlobalSection(SolutionProperties) = preSolution
		HideSolutionNode = FALSE
	EndGlobalSection
	GlobalSection(ExtensibilityGlobals) = postSolution
		SolutionGuid = {50A0BD33-B3D9-4AC1-BAA3-1A005DD7D337}
	EndGlobalSection
EndGlobal
