
Microsoft Visual Studio Solution File, Format Version 12.00
# Visual Studio Version 16
VisualStudioVersion = 16.0.30225.117
MinimumVisualStudioVersion = 10.0.40219.1
Project("{FAE04EC0-301F-11D3-BF4B-00C04F79EFBC}") = "TicTacToe", "TicTacToe.csproj", "{8E55407C-F80E-429B-91AF-D9544FE301D7}"
EndProject
Global
	GlobalSection(SolutionConfigurationPlatforms) = preSolution
		Debug|Any CPU = Debug|Any CPU
		Release|Any CPU = Release|Any CPU
	EndGlobalSection
	GlobalSection(ProjectConfigurationPlatforms) = postSolution
		{8E55407C-F80E-429B-91AF-D9544FE301D7}.Debug|Any CPU.ActiveCfg = Debug|Any CPU
		{8E55407C-F80E-429B-91AF-D9544FE301D7}.Debug|Any CPU.Build.0 = Debug|Any CPU
		{8E55407C-F80E-429B-91AF-D9544FE301D7}.Release|Any CPU.ActiveCfg = Release|Any CPU
		{8E55407C-F80E-429B-91AF-D9544FE301D7}.Release|Any CPU.Build.0 = Release|Any CPU
	EndGlobalSection
	GlobalSection(SolutionProperties) = preSolution
		HideSolutionNode = FALSE
	EndGlobalSection
	GlobalSection(ExtensibilityGlobals) = postSolution
		SolutionGuid = {20B57E70-47E0-4A95-81DC-6B568223C314}
	EndGlobalSection
EndGlobal
